
Microsoft Visual Studio Solution File, Format Version 12.00
# Visual Studio Version 16
VisualStudioVersion = 16.0.29920.165
MinimumVisualStudioVersion = 10.0.40219.1
Project("{FAE04EC0-301F-11D3-BF4B-00C04F79EFBC}") = "TestPlanning.WorkFlow", "TestPlanning.WorkFlow\TestPlanning.WorkFlow.csproj", "{D8FF8AAA-E502-4578-9F33-20A21DC784E5}"
EndProject
Global
	GlobalSection(SolutionConfigurationPlatforms) = preSolution
		Debug|Any CPU = Debug|Any CPU
		Release|Any CPU = Release|Any CPU
	EndGlobalSection
	GlobalSection(ProjectConfigurationPlatforms) = postSolution
		{D8FF8AAA-E502-4578-9F33-20A21DC784E5}.Debug|Any CPU.ActiveCfg = Debug|Any CPU
		{D8FF8AAA-E502-4578-9F33-20A21DC784E5}.Debug|Any CPU.Build.0 = Debug|Any CPU
		{D8FF8AAA-E502-4578-9F33-20A21DC784E5}.Release|Any CPU.ActiveCfg = Release|Any CPU
		{D8FF8AAA-E502-4578-9F33-20A21DC784E5}.Release|Any CPU.Build.0 = Release|Any CPU
	EndGlobalSection
	GlobalSection(SolutionProperties) = preSolution
		HideSolutionNode = FALSE
	EndGlobalSection
	GlobalSection(ExtensibilityGlobals) = postSolution
		SolutionGuid = {769D9E23-204D-4425-BBC9-D7114E09E716}
	EndGlobalSection
EndGlobal
